// !$*UTF8*$!
{
	archiveVersion = 1;
	classes = {
	};
	objectVersion = 56;
	objects = {

/* Begin PBXBuildFile section */
		F066391A2AC5E92D002BB4E6 /* NanoChallenge3App.swift in Sources */ = {isa = PBXBuildFile; fileRef = F06639192AC5E92D002BB4E6 /* NanoChallenge3App.swift */; };
		F066391C2AC5E92D002BB4E6 /* ContentView.swift in Sources */ = {isa = PBXBuildFile; fileRef = F066391B2AC5E92D002BB4E6 /* ContentView.swift */; };
		F066391E2AC5E92D002BB4E6 /* Assets.xcassets in Resources */ = {isa = PBXBuildFile; fileRef = F066391D2AC5E92D002BB4E6 /* Assets.xcassets */; };
		F06639212AC5E92D002BB4E6 /* Preview Assets.xcassets in Resources */ = {isa = PBXBuildFile; fileRef = F06639202AC5E92D002BB4E6 /* Preview Assets.xcassets */; };
		F066392C2AC5EE75002BB4E6 /* RouterController.swift in Sources */ = {isa = PBXBuildFile; fileRef = F066392B2AC5EE75002BB4E6 /* RouterController.swift */; };
		F066392F2AC60051002BB4E6 /* NestedItem.swift in Sources */ = {isa = PBXBuildFile; fileRef = F066392E2AC60051002BB4E6 /* NestedItem.swift */; };
		F06639312AC6054F002BB4E6 /* ClothesProperties.swift in Sources */ = {isa = PBXBuildFile; fileRef = F06639302AC6054F002BB4E6 /* ClothesProperties.swift */; };
		F06639352AC61097002BB4E6 /* UserController.swift in Sources */ = {isa = PBXBuildFile; fileRef = F06639342AC61097002BB4E6 /* UserController.swift */; };
		F06639372AC611B9002BB4E6 /* User.swift in Sources */ = {isa = PBXBuildFile; fileRef = F06639362AC611B9002BB4E6 /* User.swift */; };
/* End PBXBuildFile section */

/* Begin PBXFileReference section */
		F06639162AC5E92D002BB4E6 /* NanoChallenge3.app */ = {isa = PBXFileReference; explicitFileType = wrapper.application; includeInIndex = 0; path = NanoChallenge3.app; sourceTree = BUILT_PRODUCTS_DIR; };
		F06639192AC5E92D002BB4E6 /* NanoChallenge3App.swift */ = {isa = PBXFileReference; lastKnownFileType = sourcecode.swift; path = NanoChallenge3App.swift; sourceTree = "<group>"; };
		F066391B2AC5E92D002BB4E6 /* ContentView.swift */ = {isa = PBXFileReference; lastKnownFileType = sourcecode.swift; path = ContentView.swift; sourceTree = "<group>"; };
		F066391D2AC5E92D002BB4E6 /* Assets.xcassets */ = {isa = PBXFileReference; lastKnownFileType = folder.assetcatalog; path = Assets.xcassets; sourceTree = "<group>"; };
		F06639202AC5E92D002BB4E6 /* Preview Assets.xcassets */ = {isa = PBXFileReference; lastKnownFileType = folder.assetcatalog; path = "Preview Assets.xcassets"; sourceTree = "<group>"; };
		F066392B2AC5EE75002BB4E6 /* RouterController.swift */ = {isa = PBXFileReference; lastKnownFileType = sourcecode.swift; path = RouterController.swift; sourceTree = "<group>"; };
		F066392E2AC60051002BB4E6 /* NestedItem.swift */ = {isa = PBXFileReference; lastKnownFileType = sourcecode.swift; path = NestedItem.swift; sourceTree = "<group>"; };
		F06639302AC6054F002BB4E6 /* ClothesProperties.swift */ = {isa = PBXFileReference; lastKnownFileType = sourcecode.swift; path = ClothesProperties.swift; sourceTree = "<group>"; };
		F06639342AC61097002BB4E6 /* UserController.swift */ = {isa = PBXFileReference; lastKnownFileType = sourcecode.swift; path = UserController.swift; sourceTree = "<group>"; };
		F06639362AC611B9002BB4E6 /* User.swift */ = {isa = PBXFileReference; lastKnownFileType = sourcecode.swift; path = User.swift; sourceTree = "<group>"; };
/* End PBXFileReference section */

/* Begin PBXFrameworksBuildPhase section */
		F06639132AC5E92C002BB4E6 /* Frameworks */ = {
			isa = PBXFrameworksBuildPhase;
			buildActionMask = 2147483647;
			files = (
			);
			runOnlyForDeploymentPostprocessing = 0;
		};
/* End PBXFrameworksBuildPhase section */

/* Begin PBXGroup section */
		F066390D2AC5E92C002BB4E6 = {
			isa = PBXGroup;
			children = (
				F06639182AC5E92D002BB4E6 /* NanoChallenge3 */,
				F06639172AC5E92D002BB4E6 /* Products */,
			);
			sourceTree = "<group>";
		};
		F06639172AC5E92D002BB4E6 /* Products */ = {
			isa = PBXGroup;
			children = (
				F06639162AC5E92D002BB4E6 /* NanoChallenge3.app */,
			);
			name = Products;
			sourceTree = "<group>";
		};
		F06639182AC5E92D002BB4E6 /* NanoChallenge3 */ = {
			isa = PBXGroup;
			children = (
				F06639192AC5E92D002BB4E6 /* NanoChallenge3App.swift */,
				F066391D2AC5E92D002BB4E6 /* Assets.xcassets */,
				F06639272AC5EAA8002BB4E6 /* Controllers */,
				F06639282AC5EABB002BB4E6 /* Data */,
				F06639292AC5EACD002BB4E6 /* Models */,
				F066392D2AC5FFF4002BB4E6 /* Utils */,
				F066392A2AC5EADA002BB4E6 /* Views */,
				F066391F2AC5E92D002BB4E6 /* Preview Content */,
			);
			path = NanoChallenge3;
			sourceTree = "<group>";
		};
		F066391F2AC5E92D002BB4E6 /* Preview Content */ = {
			isa = PBXGroup;
			children = (
				F06639202AC5E92D002BB4E6 /* Preview Assets.xcassets */,
			);
			path = "Preview Content";
			sourceTree = "<group>";
		};
		F06639272AC5EAA8002BB4E6 /* Controllers */ = {
			isa = PBXGroup;
			children = (
				F066392B2AC5EE75002BB4E6 /* RouterController.swift */,
				F06639342AC61097002BB4E6 /* UserController.swift */,
			);
			path = Controllers;
			sourceTree = "<group>";
		};
		F06639282AC5EABB002BB4E6 /* Data */ = {
			isa = PBXGroup;
			children = (
			);
			path = Data;
			sourceTree = "<group>";
		};
		F06639292AC5EACD002BB4E6 /* Models */ = {
			isa = PBXGroup;
			children = (
				F066392E2AC60051002BB4E6 /* NestedItem.swift */,
				F06639302AC6054F002BB4E6 /* ClothesProperties.swift */,
				F06639362AC611B9002BB4E6 /* User.swift */,
			);
			path = Models;
			sourceTree = "<group>";
		};
		F066392A2AC5EADA002BB4E6 /* Views */ = {
			isa = PBXGroup;
			children = (
				F066391B2AC5E92D002BB4E6 /* ContentView.swift */,
			);
			path = Views;
			sourceTree = "<group>";
		};
		F066392D2AC5FFF4002BB4E6 /* Utils */ = {
			isa = PBXGroup;
			children = (
			);
			path = Utils;
			sourceTree = "<group>";
		};
/* End PBXGroup section */

/* Begin PBXNativeTarget section */
		F06639152AC5E92C002BB4E6 /* NanoChallenge3 */ = {
			isa = PBXNativeTarget;
			buildConfigurationList = F06639242AC5E92D002BB4E6 /* Build configuration list for PBXNativeTarget "NanoChallenge3" */;
			buildPhases = (
				F06639122AC5E92C002BB4E6 /* Sources */,
				F06639132AC5E92C002BB4E6 /* Frameworks */,
				F06639142AC5E92C002BB4E6 /* Resources */,
			);
			buildRules = (
			);
			dependencies = (
			);
			name = NanoChallenge3;
			productName = NanoChallenge3;
			productReference = F06639162AC5E92D002BB4E6 /* NanoChallenge3.app */;
			productType = "com.apple.product-type.application";
		};
/* End PBXNativeTarget section */

/* Begin PBXProject section */
		F066390E2AC5E92C002BB4E6 /* Project object */ = {
			isa = PBXProject;
			attributes = {
				BuildIndependentTargetsInParallel = 1;
				LastSwiftUpdateCheck = 1420;
				LastUpgradeCheck = 1420;
				TargetAttributes = {
					F06639152AC5E92C002BB4E6 = {
						CreatedOnToolsVersion = 14.2;
					};
				};
			};
			buildConfigurationList = F06639112AC5E92C002BB4E6 /* Build configuration list for PBXProject "NanoChallenge3" */;
			compatibilityVersion = "Xcode 14.0";
			developmentRegion = en;
			hasScannedForEncodings = 0;
			knownRegions = (
				en,
				Base,
			);
			mainGroup = F066390D2AC5E92C002BB4E6;
			productRefGroup = F06639172AC5E92D002BB4E6 /* Products */;
			projectDirPath = "";
			projectRoot = "";
			targets = (
				F06639152AC5E92C002BB4E6 /* NanoChallenge3 */,
			);
		};
/* End PBXProject section */

/* Begin PBXResourcesBuildPhase section */
		F06639142AC5E92C002BB4E6 /* Resources */ = {
			isa = PBXResourcesBuildPhase;
			buildActionMask = 2147483647;
			files = (
				F06639212AC5E92D002BB4E6 /* Preview Assets.xcassets in Resources */,
				F066391E2AC5E92D002BB4E6 /* Assets.xcassets in Resources */,
			);
			runOnlyForDeploymentPostprocessing = 0;
		};
/* End PBXResourcesBuildPhase section */

/* Begin PBXSourcesBuildPhase section */
		F06639122AC5E92C002BB4E6 /* Sources */ = {
			isa = PBXSourcesBuildPhase;
			buildActionMask = 2147483647;
			files = (
				F066391C2AC5E92D002BB4E6 /* ContentView.swift in Sources */,
				F06639312AC6054F002BB4E6 /* ClothesProperties.swift in Sources */,
				F066392F2AC60051002BB4E6 /* NestedItem.swift in Sources */,
				F06639372AC611B9002BB4E6 /* User.swift in Sources */,
				F06639352AC61097002BB4E6 /* UserController.swift in Sources */,
				F066391A2AC5E92D002BB4E6 /* NanoChallenge3App.swift in Sources */,
				F066392C2AC5EE75002BB4E6 /* RouterController.swift in Sources */,
			);
			runOnlyForDeploymentPostprocessing = 0;
		};
/* End PBXSourcesBuildPhase section */

/* Begin XCBuildConfiguration section */
		F06639222AC5E92D002BB4E6 /* Debug */ = {
			isa = XCBuildConfiguration;
			buildSettings = {
				ALWAYS_SEARCH_USER_PATHS = NO;
				CLANG_ANALYZER_NONNULL = YES;
				CLANG_ANALYZER_NUMBER_OBJECT_CONVERSION = YES_AGGRESSIVE;
				CLANG_CXX_LANGUAGE_STANDARD = "gnu++20";
				CLANG_ENABLE_MODULES = YES;
				CLANG_ENABLE_OBJC_ARC = YES;
				CLANG_ENABLE_OBJC_WEAK = YES;
				CLANG_WARN_BLOCK_CAPTURE_AUTORELEASING = YES;
				CLANG_WARN_BOOL_CONVERSION = YES;
				CLANG_WARN_COMMA = YES;
				CLANG_WARN_CONSTANT_CONVERSION = YES;
				CLANG_WARN_DEPRECATED_OBJC_IMPLEMENTATIONS = YES;
				CLANG_WARN_DIRECT_OBJC_ISA_USAGE = YES_ERROR;
				CLANG_WARN_DOCUMENTATION_COMMENTS = YES;
				CLANG_WARN_EMPTY_BODY = YES;
				CLANG_WARN_ENUM_CONVERSION = YES;
				CLANG_WARN_INFINITE_RECURSION = YES;
				CLANG_WARN_INT_CONVERSION = YES;
				CLANG_WARN_NON_LITERAL_NULL_CONVERSION = YES;
				CLANG_WARN_OBJC_IMPLICIT_RETAIN_SELF = YES;
				CLANG_WARN_OBJC_LITERAL_CONVERSION = YES;
				CLANG_WARN_OBJC_ROOT_CLASS = YES_ERROR;
				CLANG_WARN_QUOTED_INCLUDE_IN_FRAMEWORK_HEADER = YES;
				CLANG_WARN_RANGE_LOOP_ANALYSIS = YES;
				CLANG_WARN_STRICT_PROTOTYPES = YES;
				CLANG_WARN_SUSPICIOUS_MOVE = YES;
				CLANG_WARN_UNGUARDED_AVAILABILITY = YES_AGGRESSIVE;
				CLANG_WARN_UNREACHABLE_CODE = YES;
				CLANG_WARN__DUPLICATE_METHOD_MATCH = YES;
				COPY_PHASE_STRIP = NO;
				DEBUG_INFORMATION_FORMAT = dwarf;
				ENABLE_STRICT_OBJC_MSGSEND = YES;
				ENABLE_TESTABILITY = YES;
				GCC_C_LANGUAGE_STANDARD = gnu11;
				GCC_DYNAMIC_NO_PIC = NO;
				GCC_NO_COMMON_BLOCKS = YES;
				GCC_OPTIMIZATION_LEVEL = 0;
				GCC_PREPROCESSOR_DEFINITIONS = (
					"DEBUG=1",
					"$(inherited)",
				);
				GCC_WARN_64_TO_32_BIT_CONVERSION = YES;
				GCC_WARN_ABOUT_RETURN_TYPE = YES_ERROR;
				GCC_WARN_UNDECLARED_SELECTOR = YES;
				GCC_WARN_UNINITIALIZED_AUTOS = YES_AGGRESSIVE;
				GCC_WARN_UNUSED_FUNCTION = YES;
				GCC_WARN_UNUSED_VARIABLE = YES;
				IPHONEOS_DEPLOYMENT_TARGET = 16.2;
				MTL_ENABLE_DEBUG_INFO = INCLUDE_SOURCE;
				MTL_FAST_MATH = YES;
				ONLY_ACTIVE_ARCH = YES;
				SDKROOT = iphoneos;
				SWIFT_ACTIVE_COMPILATION_CONDITIONS = DEBUG;
				SWIFT_OPTIMIZATION_LEVEL = "-Onone";
			};
			name = Debug;
		};
		F06639232AC5E92D002BB4E6 /* Release */ = {
			isa = XCBuildConfiguration;
			buildSettings = {
				ALWAYS_SEARCH_USER_PATHS = NO;
				CLANG_ANALYZER_NONNULL = YES;
				CLANG_ANALYZER_NUMBER_OBJECT_CONVERSION = YES_AGGRESSIVE;
				CLANG_CXX_LANGUAGE_STANDARD = "gnu++20";
				CLANG_ENABLE_MODULES = YES;
				CLANG_ENABLE_OBJC_ARC = YES;
				CLANG_ENABLE_OBJC_WEAK = YES;
				CLANG_WARN_BLOCK_CAPTURE_AUTORELEASING = YES;
				CLANG_WARN_BOOL_CONVERSION = YES;
				CLANG_WARN_COMMA = YES;
				CLANG_WARN_CONSTANT_CONVERSION = YES;
				CLANG_WARN_DEPRECATED_OBJC_IMPLEMENTATIONS = YES;
				CLANG_WARN_DIRECT_OBJC_ISA_USAGE = YES_ERROR;
				CLANG_WARN_DOCUMENTATION_COMMENTS = YES;
				CLANG_WARN_EMPTY_BODY = YES;
				CLANG_WARN_ENUM_CONVERSION = YES;
				CLANG_WARN_INFINITE_RECURSION = YES;
				CLANG_WARN_INT_CONVERSION = YES;
				CLANG_WARN_NON_LITERAL_NULL_CONVERSION = YES;
				CLANG_WARN_OBJC_IMPLICIT_RETAIN_SELF = YES;
				CLANG_WARN_OBJC_LITERAL_CONVERSION = YES;
				CLANG_WARN_OBJC_ROOT_CLASS = YES_ERROR;
				CLANG_WARN_QUOTED_INCLUDE_IN_FRAMEWORK_HEADER = YES;
				CLANG_WARN_RANGE_LOOP_ANALYSIS = YES;
				CLANG_WARN_STRICT_PROTOTYPES = YES;
				CLANG_WARN_SUSPICIOUS_MOVE = YES;
				CLANG_WARN_UNGUARDED_AVAILABILITY = YES_AGGRESSIVE;
				CLANG_WARN_UNREACHABLE_CODE = YES;
				CLANG_WARN__DUPLICATE_METHOD_MATCH = YES;
				COPY_PHASE_STRIP = NO;
				DEBUG_INFORMATION_FORMAT = "dwarf-with-dsym";
				ENABLE_NS_ASSERTIONS = NO;
				ENABLE_STRICT_OBJC_MSGSEND = YES;
				GCC_C_LANGUAGE_STANDARD = gnu11;
				GCC_NO_COMMON_BLOCKS = YES;
				GCC_WARN_64_TO_32_BIT_CONVERSION = YES;
				GCC_WARN_ABOUT_RETURN_TYPE = YES_ERROR;
				GCC_WARN_UNDECLARED_SELECTOR = YES;
				GCC_WARN_UNINITIALIZED_AUTOS = YES_AGGRESSIVE;
				GCC_WARN_UNUSED_FUNCTION = YES;
				GCC_WARN_UNUSED_VARIABLE = YES;
				IPHONEOS_DEPLOYMENT_TARGET = 16.2;
				MTL_ENABLE_DEBUG_INFO = NO;
				MTL_FAST_MATH = YES;
				SDKROOT = iphoneos;
				SWIFT_COMPILATION_MODE = wholemodule;
				SWIFT_OPTIMIZATION_LEVEL = "-O";
				VALIDATE_PRODUCT = YES;
			};
			name = Release;
		};
		F06639252AC5E92D002BB4E6 /* Debug */ = {
			isa = XCBuildConfiguration;
			buildSettings = {
				ASSETCATALOG_COMPILER_APPICON_NAME = AppIcon;
				ASSETCATALOG_COMPILER_GLOBAL_ACCENT_COLOR_NAME = AccentColor;
				CODE_SIGN_STYLE = Automatic;
				CURRENT_PROJECT_VERSION = 1;
				DEVELOPMENT_ASSET_PATHS = "\"NanoChallenge3/Preview Content\"";
				DEVELOPMENT_TEAM = TACYQT6842;
				ENABLE_PREVIEWS = YES;
				GENERATE_INFOPLIST_FILE = YES;
				INFOPLIST_KEY_UIApplicationSceneManifest_Generation = YES;
				INFOPLIST_KEY_UIApplicationSupportsIndirectInputEvents = YES;
				INFOPLIST_KEY_UILaunchScreen_Generation = YES;
				INFOPLIST_KEY_UISupportedInterfaceOrientations_iPad = "UIInterfaceOrientationPortrait UIInterfaceOrientationPortraitUpsideDown UIInterfaceOrientationLandscapeLeft UIInterfaceOrientationLandscapeRight";
				INFOPLIST_KEY_UISupportedInterfaceOrientations_iPhone = "UIInterfaceOrientationPortrait UIInterfaceOrientationLandscapeLeft UIInterfaceOrientationLandscapeRight";
				LD_RUNPATH_SEARCH_PATHS = (
					"$(inherited)",
					"@executable_path/Frameworks",
				);
				MARKETING_VERSION = 1.0;
				PRODUCT_BUNDLE_IDENTIFIER = RufflesTeiv.NanoChallenge3;
				PRODUCT_NAME = "$(TARGET_NAME)";
				SWIFT_EMIT_LOC_STRINGS = YES;
				SWIFT_VERSION = 5.0;
				TARGETED_DEVICE_FAMILY = "1,2";
			};
			name = Debug;
		};
		F06639262AC5E92D002BB4E6 /* Release */ = {
			isa = XCBuildConfiguration;
			buildSettings = {
				ASSETCATALOG_COMPILER_APPICON_NAME = AppIcon;
				ASSETCATALOG_COMPILER_GLOBAL_ACCENT_COLOR_NAME = AccentColor;
				CODE_SIGN_STYLE = Automatic;
				CURRENT_PROJECT_VERSION = 1;
				DEVELOPMENT_ASSET_PATHS = "\"NanoChallenge3/Preview Content\"";
				DEVELOPMENT_TEAM = TACYQT6842;
				ENABLE_PREVIEWS = YES;
				GENERATE_INFOPLIST_FILE = YES;
				INFOPLIST_KEY_UIApplicationSceneManifest_Generation = YES;
				INFOPLIST_KEY_UIApplicationSupportsIndirectInputEvents = YES;
				INFOPLIST_KEY_UILaunchScreen_Generation = YES;
				INFOPLIST_KEY_UISupportedInterfaceOrientations_iPad = "UIInterfaceOrientationPortrait UIInterfaceOrientationPortraitUpsideDown UIInterfaceOrientationLandscapeLeft UIInterfaceOrientationLandscapeRight";
				INFOPLIST_KEY_UISupportedInterfaceOrientations_iPhone = "UIInterfaceOrientationPortrait UIInterfaceOrientationLandscapeLeft UIInterfaceOrientationLandscapeRight";
				LD_RUNPATH_SEARCH_PATHS = (
					"$(inherited)",
					"@executable_path/Frameworks",
				);
				MARKETING_VERSION = 1.0;
				PRODUCT_BUNDLE_IDENTIFIER = RufflesTeiv.NanoChallenge3;
				PRODUCT_NAME = "$(TARGET_NAME)";
				SWIFT_EMIT_LOC_STRINGS = YES;
				SWIFT_VERSION = 5.0;
				TARGETED_DEVICE_FAMILY = "1,2";
			};
			name = Release;
		};
/* End XCBuildConfiguration section */

/* Begin XCConfigurationList section */
		F06639112AC5E92C002BB4E6 /* Build configuration list for PBXProject "NanoChallenge3" */ = {
			isa = XCConfigurationList;
			buildConfigurations = (
				F06639222AC5E92D002BB4E6 /* Debug */,
				F06639232AC5E92D002BB4E6 /* Release */,
			);
			defaultConfigurationIsVisible = 0;
			defaultConfigurationName = Release;
		};
		F06639242AC5E92D002BB4E6 /* Build configuration list for PBXNativeTarget "NanoChallenge3" */ = {
			isa = XCConfigurationList;
			buildConfigurations = (
				F06639252AC5E92D002BB4E6 /* Debug */,
				F06639262AC5E92D002BB4E6 /* Release */,
			);
			defaultConfigurationIsVisible = 0;
			defaultConfigurationName = Release;
		};
/* End XCConfigurationList section */
	};
	rootObject = F066390E2AC5E92C002BB4E6 /* Project object */;
}
